
Microsoft Visual Studio Solution File, Format Version 12.00
# Visual Studio Version 17
VisualStudioVersion = 17.6.33815.320
MinimumVisualStudioVersion = 10.0.40219.1
Project("{FAE04EC0-301F-11D3-BF4B-00C04F79EFBC}") = "LIM", "LIM\LIM.csproj", "{386AA0CF-5D4E-4195-8CAC-0304F8B519F5}"
EndProject
Project("{2150E333-8FDC-42A3-9474-1A3956D46DE8}") = "解决方案项", "解决方案项", "{EA4CC1CB-982C-405E-939F-C66302E6A7C2}"
EndProject
Global
	GlobalSection(SolutionConfigurationPlatforms) = preSolution
		Debug|Any CPU = Debug|Any CPU
		Release|Any CPU = Release|Any CPU
	EndGlobalSection
	GlobalSection(ProjectConfigurationPlatforms) = postSolution
		{386AA0CF-5D4E-4195-8CAC-0304F8B519F5}.Debug|Any CPU.ActiveCfg = Debug|Any CPU
		{386AA0CF-5D4E-4195-8CAC-0304F8B519F5}.Debug|Any CPU.Build.0 = Debug|Any CPU
		{386AA0CF-5D4E-4195-8CAC-0304F8B519F5}.Release|Any CPU.ActiveCfg = Release|Any CPU
		{386AA0CF-5D4E-4195-8CAC-0304F8B519F5}.Release|Any CPU.Build.0 = Release|Any CPU
	EndGlobalSection
	GlobalSection(SolutionProperties) = preSolution
		HideSolutionNode = FALSE
	EndGlobalSection
	GlobalSection(ExtensibilityGlobals) = postSolution
		SolutionGuid = {1CFB3BBC-E831-426C-B9E5-9A4E107D7302}
	EndGlobalSection
EndGlobal
